
Microsoft Visual Studio Solution File, Format Version 12.00
# Visual Studio Version 17
VisualStudioVersion = 17.7.34221.43
MinimumVisualStudioVersion = 10.0.40219.1
Project("{FAE04EC0-301F-11D3-BF4B-00C04F79EFBC}") = "DataAccess", "DataAccess\DataAccess.csproj", "{A52351D7-C6D0-45E3-81E2-0E0872351C4A}"
EndProject
Project("{FAE04EC0-301F-11D3-BF4B-00C04F79EFBC}") = "Business", "Business\Business.csproj", "{9A819737-229E-4907-BCBD-1406FCC2CAA1}"
EndProject
Project("{FAE04EC0-301F-11D3-BF4B-00C04F79EFBC}") = "Entities", "Entities\Entities.csproj", "{43E94036-1654-4270-8AED-ED2455F5AB9F}"
EndProject
Project("{FAE04EC0-301F-11D3-BF4B-00C04F79EFBC}") = "ConsoleUI", "ConsoleUI\ConsoleUI.csproj", "{0DBA205C-106A-4964-A828-D8107B82112C}"
EndProject
Global
	GlobalSection(SolutionConfigurationPlatforms) = preSolution
		Debug|Any CPU = Debug|Any CPU
		Release|Any CPU = Release|Any CPU
	EndGlobalSection
	GlobalSection(ProjectConfigurationPlatforms) = postSolution
		{A52351D7-C6D0-45E3-81E2-0E0872351C4A}.Debug|Any CPU.ActiveCfg = Debug|Any CPU
		{A52351D7-C6D0-45E3-81E2-0E0872351C4A}.Debug|Any CPU.Build.0 = Debug|Any CPU
		{A52351D7-C6D0-45E3-81E2-0E0872351C4A}.Release|Any CPU.ActiveCfg = Release|Any CPU
		{A52351D7-C6D0-45E3-81E2-0E0872351C4A}.Release|Any CPU.Build.0 = Release|Any CPU
		{9A819737-229E-4907-BCBD-1406FCC2CAA1}.Debug|Any CPU.ActiveCfg = Debug|Any CPU
		{9A819737-229E-4907-BCBD-1406FCC2CAA1}.Debug|Any CPU.Build.0 = Debug|Any CPU
		{9A819737-229E-4907-BCBD-1406FCC2CAA1}.Release|Any CPU.ActiveCfg = Release|Any CPU
		{9A819737-229E-4907-BCBD-1406FCC2CAA1}.Release|Any CPU.Build.0 = Release|Any CPU
		{43E94036-1654-4270-8AED-ED2455F5AB9F}.Debug|Any CPU.ActiveCfg = Debug|Any CPU
		{43E94036-1654-4270-8AED-ED2455F5AB9F}.Debug|Any CPU.Build.0 = Debug|Any CPU
		{43E94036-1654-4270-8AED-ED2455F5AB9F}.Release|Any CPU.ActiveCfg = Release|Any CPU
		{43E94036-1654-4270-8AED-ED2455F5AB9F}.Release|Any CPU.Build.0 = Release|Any CPU
		{0DBA205C-106A-4964-A828-D8107B82112C}.Debug|Any CPU.ActiveCfg = Debug|Any CPU
		{0DBA205C-106A-4964-A828-D8107B82112C}.Debug|Any CPU.Build.0 = Debug|Any CPU
		{0DBA205C-106A-4964-A828-D8107B82112C}.Release|Any CPU.ActiveCfg = Release|Any CPU
		{0DBA205C-106A-4964-A828-D8107B82112C}.Release|Any CPU.Build.0 = Release|Any CPU
	EndGlobalSection
	GlobalSection(SolutionProperties) = preSolution
		HideSolutionNode = FALSE
	EndGlobalSection
	GlobalSection(ExtensibilityGlobals) = postSolution
		SolutionGuid = {DBD50D16-1626-4DA8-B695-B8722E63B45B}
	EndGlobalSection
EndGlobal
